# This file is generated by running "yarn install" inside your project.
# Manual changes might be lost - proceed with caution!

__metadata:
  version: 4
  cacheKey: 5

"html5-boilerplate@npm:^8.0.0":
  version: 8.0.0
  resolution: "html5-boilerplate@npm:8.0.0"
  checksum: 53e712dcff1ce93b878b38b5db539c971c2541bb1dd76e725ce88e8adebb7314f2aaee4354e1f36fc1cc0f158b28bb3e6d7878a28e27dcba36244ded3ca283a8
  languageName: node
  linkType: hard

"lalaithan.github.io@workspace:.":
  version: 0.0.0-use.local
  resolution: "lalaithan.github.io@workspace:."
  dependencies:
    html5-boilerplate: ^8.0.0
  languageName: unknown
  linkType: soft
